// !$*UTF8*$!
{
	archiveVersion = 1;
	classes = {
	};
	objectVersion = 46;
	objects = {

/* Begin PBXBuildFile section */
		86261F7F1D2470C30046BC4C /* DetailViewController.swift in Sources */ = {isa = PBXBuildFile; fileRef = 86261F7E1D2470C30046BC4C /* DetailViewController.swift */; };
		86261F811D247D8C0046BC4C /* ComposeViewController.swift in Sources */ = {isa = PBXBuildFile; fileRef = 86261F801D247D8C0046BC4C /* ComposeViewController.swift */; };
		86261F831D2587400046BC4C /* ProfileViewController.swift in Sources */ = {isa = PBXBuildFile; fileRef = 86261F821D2587400046BC4C /* ProfileViewController.swift */; };
		86261F851D25B9110046BC4C /* UserViewController.swift in Sources */ = {isa = PBXBuildFile; fileRef = 86261F841D25B9110046BC4C /* UserViewController.swift */; };
		86261F881D2644CE0046BC4C /* twitter login.png in Resources */ = {isa = PBXBuildFile; fileRef = 86261F871D2644CE0046BC4C /* twitter login.png */; };
		86261F8A1D26456E0046BC4C /* twitter_word.jpg in Resources */ = {isa = PBXBuildFile; fileRef = 86261F891D26456E0046BC4C /* twitter_word.jpg */; };
		86261F8C1D26469C0046BC4C /* iconmonstr-retweet-1-24.png in Resources */ = {isa = PBXBuildFile; fileRef = 86261F8B1D26469C0046BC4C /* iconmonstr-retweet-1-24.png */; };
		86261F8E1D2647350046BC4C /* iconmonstr-favorite-7-24.png in Resources */ = {isa = PBXBuildFile; fileRef = 86261F8D1D2647350046BC4C /* iconmonstr-favorite-7-24.png */; };
		86261F901D2648FD0046BC4C /* iconmonstr-pencil-2-72.png in Resources */ = {isa = PBXBuildFile; fileRef = 86261F8F1D2648FD0046BC4C /* iconmonstr-pencil-2-72.png */; };
		86261F921D2649060046BC4C /* iconmonstr-retweet-1-72.png in Resources */ = {isa = PBXBuildFile; fileRef = 86261F911D2649060046BC4C /* iconmonstr-retweet-1-72.png */; };
		86261F941D26490D0046BC4C /* iconmonstr-favorite-7-72.png in Resources */ = {isa = PBXBuildFile; fileRef = 86261F931D26490D0046BC4C /* iconmonstr-favorite-7-72.png */; };
		86261F961D26508A0046BC4C /* iconmonstr-twitter-1-32.png in Resources */ = {isa = PBXBuildFile; fileRef = 86261F951D26508A0046BC4C /* iconmonstr-twitter-1-32.png */; };
		86261F981D2651540046BC4C /* iconmonstr-user-29-32.png in Resources */ = {isa = PBXBuildFile; fileRef = 86261F971D2651540046BC4C /* iconmonstr-user-29-32.png */; };
		86261F9A1D26524E0046BC4C /* iconmonstr-edit-6-48.png in Resources */ = {isa = PBXBuildFile; fileRef = 86261F991D26524E0046BC4C /* iconmonstr-edit-6-48.png */; };
		86261F9C1D2652900046BC4C /* iconmonstr-log-out-7-48.png in Resources */ = {isa = PBXBuildFile; fileRef = 86261F9B1D2652900046BC4C /* iconmonstr-log-out-7-48.png */; };
		86AB924C1D21BF4000D11F6D /* AppDelegate.swift in Sources */ = {isa = PBXBuildFile; fileRef = 86AB924B1D21BF4000D11F6D /* AppDelegate.swift */; };
		86AB92511D21BF4000D11F6D /* Main.storyboard in Resources */ = {isa = PBXBuildFile; fileRef = 86AB924F1D21BF4000D11F6D /* Main.storyboard */; };
		86AB92531D21BF4000D11F6D /* Assets.xcassets in Resources */ = {isa = PBXBuildFile; fileRef = 86AB92521D21BF4000D11F6D /* Assets.xcassets */; };
		86AB92561D21BF4000D11F6D /* LaunchScreen.storyboard in Resources */ = {isa = PBXBuildFile; fileRef = 86AB92541D21BF4000D11F6D /* LaunchScreen.storyboard */; };
		86AB925E1D21C56900D11F6D /* LoginViewController.swift in Sources */ = {isa = PBXBuildFile; fileRef = 86AB925D1D21C56900D11F6D /* LoginViewController.swift */; };
		86AB92631D21D70600D11F6D /* User.swift in Sources */ = {isa = PBXBuildFile; fileRef = 86AB92621D21D70600D11F6D /* User.swift */; };
		86AB92651D21D71100D11F6D /* Tweet.swift in Sources */ = {isa = PBXBuildFile; fileRef = 86AB92641D21D71100D11F6D /* Tweet.swift */; };
		86AB92671D21DD3200D11F6D /* TwitterClient.swift in Sources */ = {isa = PBXBuildFile; fileRef = 86AB92661D21DD3200D11F6D /* TwitterClient.swift */; };
		86AB92691D21EDAD00D11F6D /* TweetsViewController.swift in Sources */ = {isa = PBXBuildFile; fileRef = 86AB92681D21EDAD00D11F6D /* TweetsViewController.swift */; };
		86AB926B1D23143E00D11F6D /* TweetCell.swift in Sources */ = {isa = PBXBuildFile; fileRef = 86AB926A1D23143E00D11F6D /* TweetCell.swift */; };
		C6BA9FF10A7C5736EF5B19F4 /* Pods_Twient.framework in Frameworks */ = {isa = PBXBuildFile; fileRef = 4668BA25E7CBE66B407FFEDD /* Pods_Twient.framework */; };
/* End PBXBuildFile section */

/* Begin PBXFileReference section */
		2C3D6AC77603381918B94742 /* Pods-Twient.debug.xcconfig */ = {isa = PBXFileReference; includeInIndex = 1; lastKnownFileType = text.xcconfig; name = "Pods-Twient.debug.xcconfig"; path = "Pods/Target Support Files/Pods-Twient/Pods-Twient.debug.xcconfig"; sourceTree = "<group>"; };
		31A683888BDE0BF2626ED6BB /* Pods-Twient.release.xcconfig */ = {isa = PBXFileReference; includeInIndex = 1; lastKnownFileType = text.xcconfig; name = "Pods-Twient.release.xcconfig"; path = "Pods/Target Support Files/Pods-Twient/Pods-Twient.release.xcconfig"; sourceTree = "<group>"; };
		4668BA25E7CBE66B407FFEDD /* Pods_Twient.framework */ = {isa = PBXFileReference; explicitFileType = wrapper.framework; includeInIndex = 0; path = Pods_Twient.framework; sourceTree = BUILT_PRODUCTS_DIR; };
		86261F7E1D2470C30046BC4C /* DetailViewController.swift */ = {isa = PBXFileReference; fileEncoding = 4; lastKnownFileType = sourcecode.swift; path = DetailViewController.swift; sourceTree = "<group>"; };
		86261F801D247D8C0046BC4C /* ComposeViewController.swift */ = {isa = PBXFileReference; fileEncoding = 4; lastKnownFileType = sourcecode.swift; path = ComposeViewController.swift; sourceTree = "<group>"; };
		86261F821D2587400046BC4C /* ProfileViewController.swift */ = {isa = PBXFileReference; fileEncoding = 4; lastKnownFileType = sourcecode.swift; path = ProfileViewController.swift; sourceTree = "<group>"; };
		86261F841D25B9110046BC4C /* UserViewController.swift */ = {isa = PBXFileReference; fileEncoding = 4; lastKnownFileType = sourcecode.swift; path = UserViewController.swift; sourceTree = "<group>"; };
		86261F871D2644CE0046BC4C /* twitter login.png */ = {isa = PBXFileReference; lastKnownFileType = image.png; path = "twitter login.png"; sourceTree = "<group>"; };
		86261F891D26456E0046BC4C /* twitter_word.jpg */ = {isa = PBXFileReference; lastKnownFileType = image.jpeg; path = twitter_word.jpg; sourceTree = "<group>"; };
		86261F8B1D26469C0046BC4C /* iconmonstr-retweet-1-24.png */ = {isa = PBXFileReference; lastKnownFileType = image.png; path = "iconmonstr-retweet-1-24.png"; sourceTree = "<group>"; };
		86261F8D1D2647350046BC4C /* iconmonstr-favorite-7-24.png */ = {isa = PBXFileReference; lastKnownFileType = image.png; path = "iconmonstr-favorite-7-24.png"; sourceTree = "<group>"; };
		86261F8F1D2648FD0046BC4C /* iconmonstr-pencil-2-72.png */ = {isa = PBXFileReference; lastKnownFileType = image.png; path = "iconmonstr-pencil-2-72.png"; sourceTree = "<group>"; };
		86261F911D2649060046BC4C /* iconmonstr-retweet-1-72.png */ = {isa = PBXFileReference; lastKnownFileType = image.png; path = "iconmonstr-retweet-1-72.png"; sourceTree = "<group>"; };
		86261F931D26490D0046BC4C /* iconmonstr-favorite-7-72.png */ = {isa = PBXFileReference; lastKnownFileType = image.png; path = "iconmonstr-favorite-7-72.png"; sourceTree = "<group>"; };
		86261F951D26508A0046BC4C /* iconmonstr-twitter-1-32.png */ = {isa = PBXFileReference; lastKnownFileType = image.png; path = "iconmonstr-twitter-1-32.png"; sourceTree = "<group>"; };
		86261F971D2651540046BC4C /* iconmonstr-user-29-32.png */ = {isa = PBXFileReference; lastKnownFileType = image.png; path = "iconmonstr-user-29-32.png"; sourceTree = "<group>"; };
		86261F991D26524E0046BC4C /* iconmonstr-edit-6-48.png */ = {isa = PBXFileReference; lastKnownFileType = image.png; path = "iconmonstr-edit-6-48.png"; sourceTree = "<group>"; };
		86261F9B1D2652900046BC4C /* iconmonstr-log-out-7-48.png */ = {isa = PBXFileReference; lastKnownFileType = image.png; path = "iconmonstr-log-out-7-48.png"; sourceTree = "<group>"; };
		86AB92481D21BF4000D11F6D /* Twient.app */ = {isa = PBXFileReference; explicitFileType = wrapper.application; includeInIndex = 0; path = Twient.app; sourceTree = BUILT_PRODUCTS_DIR; };
		86AB924B1D21BF4000D11F6D /* AppDelegate.swift */ = {isa = PBXFileReference; lastKnownFileType = sourcecode.swift; path = AppDelegate.swift; sourceTree = "<group>"; };
		86AB92501D21BF4000D11F6D /* Base */ = {isa = PBXFileReference; lastKnownFileType = file.storyboard; name = Base; path = Base.lproj/Main.storyboard; sourceTree = "<group>"; };
		86AB92521D21BF4000D11F6D /* Assets.xcassets */ = {isa = PBXFileReference; lastKnownFileType = folder.assetcatalog; path = Assets.xcassets; sourceTree = "<group>"; };
		86AB92551D21BF4000D11F6D /* Base */ = {isa = PBXFileReference; lastKnownFileType = file.storyboard; name = Base; path = Base.lproj/LaunchScreen.storyboard; sourceTree = "<group>"; };
		86AB92571D21BF4000D11F6D /* Info.plist */ = {isa = PBXFileReference; lastKnownFileType = text.plist.xml; path = Info.plist; sourceTree = "<group>"; };
		86AB925D1D21C56900D11F6D /* LoginViewController.swift */ = {isa = PBXFileReference; fileEncoding = 4; lastKnownFileType = sourcecode.swift; path = LoginViewController.swift; sourceTree = "<group>"; };
		86AB92621D21D70600D11F6D /* User.swift */ = {isa = PBXFileReference; fileEncoding = 4; lastKnownFileType = sourcecode.swift; path = User.swift; sourceTree = "<group>"; };
		86AB92641D21D71100D11F6D /* Tweet.swift */ = {isa = PBXFileReference; fileEncoding = 4; lastKnownFileType = sourcecode.swift; path = Tweet.swift; sourceTree = "<group>"; };
		86AB92661D21DD3200D11F6D /* TwitterClient.swift */ = {isa = PBXFileReference; fileEncoding = 4; lastKnownFileType = sourcecode.swift; path = TwitterClient.swift; sourceTree = "<group>"; };
		86AB92681D21EDAD00D11F6D /* TweetsViewController.swift */ = {isa = PBXFileReference; fileEncoding = 4; lastKnownFileType = sourcecode.swift; path = TweetsViewController.swift; sourceTree = "<group>"; };
		86AB926A1D23143E00D11F6D /* TweetCell.swift */ = {isa = PBXFileReference; fileEncoding = 4; lastKnownFileType = sourcecode.swift; path = TweetCell.swift; sourceTree = "<group>"; };
/* End PBXFileReference section */

/* Begin PBXFrameworksBuildPhase section */
		86AB92451D21BF4000D11F6D /* Frameworks */ = {
			isa = PBXFrameworksBuildPhase;
			buildActionMask = 2147483647;
			files = (
				C6BA9FF10A7C5736EF5B19F4 /* Pods_Twient.framework in Frameworks */,
			);
			runOnlyForDeploymentPostprocessing = 0;
		};
/* End PBXFrameworksBuildPhase section */

/* Begin PBXGroup section */
		6D7A6268D93CAA766ADC2544 /* Pods */ = {
			isa = PBXGroup;
			children = (
				2C3D6AC77603381918B94742 /* Pods-Twient.debug.xcconfig */,
				31A683888BDE0BF2626ED6BB /* Pods-Twient.release.xcconfig */,
			);
			name = Pods;
			sourceTree = "<group>";
		};
		86261F861D2641EF0046BC4C /* Supporting Files */ = {
			isa = PBXGroup;
			children = (
				86261F9B1D2652900046BC4C /* iconmonstr-log-out-7-48.png */,
				86261F991D26524E0046BC4C /* iconmonstr-edit-6-48.png */,
				86261F971D2651540046BC4C /* iconmonstr-user-29-32.png */,
				86261F951D26508A0046BC4C /* iconmonstr-twitter-1-32.png */,
				86261F931D26490D0046BC4C /* iconmonstr-favorite-7-72.png */,
				86261F911D2649060046BC4C /* iconmonstr-retweet-1-72.png */,
				86261F8F1D2648FD0046BC4C /* iconmonstr-pencil-2-72.png */,
				86261F8D1D2647350046BC4C /* iconmonstr-favorite-7-24.png */,
				86261F8B1D26469C0046BC4C /* iconmonstr-retweet-1-24.png */,
				86261F871D2644CE0046BC4C /* twitter login.png */,
				86261F891D26456E0046BC4C /* twitter_word.jpg */,
			);
			name = "Supporting Files";
			sourceTree = "<group>";
		};
		86AB923F1D21BF4000D11F6D = {
			isa = PBXGroup;
			children = (
				86AB924A1D21BF4000D11F6D /* Twient */,
				86AB92491D21BF4000D11F6D /* Products */,
				6D7A6268D93CAA766ADC2544 /* Pods */,
				FABD96FF58770297B74E0B07 /* Frameworks */,
			);
			sourceTree = "<group>";
		};
		86AB92491D21BF4000D11F6D /* Products */ = {
			isa = PBXGroup;
			children = (
				86AB92481D21BF4000D11F6D /* Twient.app */,
			);
			name = Products;
			sourceTree = "<group>";
		};
		86AB924A1D21BF4000D11F6D /* Twient */ = {
			isa = PBXGroup;
			children = (
				86261F861D2641EF0046BC4C /* Supporting Files */,
				86AB92611D21D6E000D11F6D /* API */,
				86AB92601D21D6CA00D11F6D /* ViewControllers */,
				86AB925F1D21D6C000D11F6D /* Modals */,
				86AB924B1D21BF4000D11F6D /* AppDelegate.swift */,
				86AB924F1D21BF4000D11F6D /* Main.storyboard */,
				86AB92521D21BF4000D11F6D /* Assets.xcassets */,
				86AB92541D21BF4000D11F6D /* LaunchScreen.storyboard */,
				86AB92571D21BF4000D11F6D /* Info.plist */,
			);
			path = Twient;
			sourceTree = "<group>";
		};
		86AB925F1D21D6C000D11F6D /* Modals */ = {
			isa = PBXGroup;
			children = (
				86AB92621D21D70600D11F6D /* User.swift */,
				86AB92641D21D71100D11F6D /* Tweet.swift */,
				86AB926A1D23143E00D11F6D /* TweetCell.swift */,
			);
			name = Modals;
			sourceTree = "<group>";
		};
		86AB92601D21D6CA00D11F6D /* ViewControllers */ = {
			isa = PBXGroup;
			children = (
				86AB925D1D21C56900D11F6D /* LoginViewController.swift */,
				86AB92681D21EDAD00D11F6D /* TweetsViewController.swift */,
				86261F7E1D2470C30046BC4C /* DetailViewController.swift */,
				86261F801D247D8C0046BC4C /* ComposeViewController.swift */,
				86261F821D2587400046BC4C /* ProfileViewController.swift */,
				86261F841D25B9110046BC4C /* UserViewController.swift */,
			);
			name = ViewControllers;
			sourceTree = "<group>";
		};
		86AB92611D21D6E000D11F6D /* API */ = {
			isa = PBXGroup;
			children = (
				86AB92661D21DD3200D11F6D /* TwitterClient.swift */,
			);
			name = API;
			sourceTree = "<group>";
		};
		FABD96FF58770297B74E0B07 /* Frameworks */ = {
			isa = PBXGroup;
			children = (
				4668BA25E7CBE66B407FFEDD /* Pods_Twient.framework */,
			);
			name = Frameworks;
			sourceTree = "<group>";
		};
/* End PBXGroup section */

/* Begin PBXNativeTarget section */
		86AB92471D21BF4000D11F6D /* Twient */ = {
			isa = PBXNativeTarget;
			buildConfigurationList = 86AB925A1D21BF4000D11F6D /* Build configuration list for PBXNativeTarget "Twient" */;
			buildPhases = (
				E375611AFE21CFB3E632DF09 /* [CP] Check Pods Manifest.lock */,
				86AB92441D21BF4000D11F6D /* Sources */,
				86AB92451D21BF4000D11F6D /* Frameworks */,
				86AB92461D21BF4000D11F6D /* Resources */,
				660D6CDCB541816D5D35DF41 /* [CP] Embed Pods Frameworks */,
				534E44D90404C691552C88C2 /* [CP] Copy Pods Resources */,
			);
			buildRules = (
			);
			dependencies = (
			);
			name = Twient;
			productName = Twient;
			productReference = 86AB92481D21BF4000D11F6D /* Twient.app */;
			productType = "com.apple.product-type.application";
		};
/* End PBXNativeTarget section */

/* Begin PBXProject section */
		86AB92401D21BF4000D11F6D /* Project object */ = {
			isa = PBXProject;
			attributes = {
				LastSwiftUpdateCheck = 0730;
				LastUpgradeCheck = 0730;
				ORGANIZATIONNAME = "Juan Luis Herrero Estrada";
				TargetAttributes = {
					86AB92471D21BF4000D11F6D = {
						CreatedOnToolsVersion = 7.3.1;
					};
				};
			};
			buildConfigurationList = 86AB92431D21BF4000D11F6D /* Build configuration list for PBXProject "Twient" */;
			compatibilityVersion = "Xcode 3.2";
			developmentRegion = English;
			hasScannedForEncodings = 0;
			knownRegions = (
				en,
				Base,
			);
			mainGroup = 86AB923F1D21BF4000D11F6D;
			productRefGroup = 86AB92491D21BF4000D11F6D /* Products */;
			projectDirPath = "";
			projectRoot = "";
			targets = (
				86AB92471D21BF4000D11F6D /* Twient */,
			);
		};
/* End PBXProject section */

/* Begin PBXResourcesBuildPhase section */
		86AB92461D21BF4000D11F6D /* Resources */ = {
			isa = PBXResourcesBuildPhase;
			buildActionMask = 2147483647;
			files = (
				86261F881D2644CE0046BC4C /* twitter login.png in Resources */,
				86AB92561D21BF4000D11F6D /* LaunchScreen.storyboard in Resources */,
				86261F8C1D26469C0046BC4C /* iconmonstr-retweet-1-24.png in Resources */,
				86261F921D2649060046BC4C /* iconmonstr-retweet-1-72.png in Resources */,
				86261F8A1D26456E0046BC4C /* twitter_word.jpg in Resources */,
				86261F8E1D2647350046BC4C /* iconmonstr-favorite-7-24.png in Resources */,
				86261F981D2651540046BC4C /* iconmonstr-user-29-32.png in Resources */,
				86261F9C1D2652900046BC4C /* iconmonstr-log-out-7-48.png in Resources */,
				86AB92531D21BF4000D11F6D /* Assets.xcassets in Resources */,
				86261F961D26508A0046BC4C /* iconmonstr-twitter-1-32.png in Resources */,
				86261F901D2648FD0046BC4C /* iconmonstr-pencil-2-72.png in Resources */,
				86261F941D26490D0046BC4C /* iconmonstr-favorite-7-72.png in Resources */,
				86261F9A1D26524E0046BC4C /* iconmonstr-edit-6-48.png in Resources */,
				86AB92511D21BF4000D11F6D /* Main.storyboard in Resources */,
			);
			runOnlyForDeploymentPostprocessing = 0;
		};
/* End PBXResourcesBuildPhase section */

/* Begin PBXShellScriptBuildPhase section */
		534E44D90404C691552C88C2 /* [CP] Copy Pods Resources */ = {
			isa = PBXShellScriptBuildPhase;
			buildActionMask = 2147483647;
			files = (
			);
			inputPaths = (
			);
			name = "[CP] Copy Pods Resources";
			outputPaths = (
			);
			runOnlyForDeploymentPostprocessing = 0;
			shellPath = /bin/sh;
			shellScript = "\"${SRCROOT}/Pods/Target Support Files/Pods-Twient/Pods-Twient-resources.sh\"\n";
			showEnvVarsInLog = 0;
		};
		660D6CDCB541816D5D35DF41 /* [CP] Embed Pods Frameworks */ = {
			isa = PBXShellScriptBuildPhase;
			buildActionMask = 2147483647;
			files = (
			);
			inputPaths = (
			);
			name = "[CP] Embed Pods Frameworks";
			outputPaths = (
			);
			runOnlyForDeploymentPostprocessing = 0;
			shellPath = /bin/sh;
			shellScript = "\"${SRCROOT}/Pods/Target Support Files/Pods-Twient/Pods-Twient-frameworks.sh\"\n";
			showEnvVarsInLog = 0;
		};
		E375611AFE21CFB3E632DF09 /* [CP] Check Pods Manifest.lock */ = {
			isa = PBXShellScriptBuildPhase;
			buildActionMask = 2147483647;
			files = (
			);
			inputPaths = (
			);
			name = "[CP] Check Pods Manifest.lock";
			outputPaths = (
			);
			runOnlyForDeploymentPostprocessing = 0;
			shellPath = /bin/sh;
			shellScript = "diff \"${PODS_ROOT}/../Podfile.lock\" \"${PODS_ROOT}/Manifest.lock\" > /dev/null\nif [[ $? != 0 ]] ; then\n    cat << EOM\nerror: The sandbox is not in sync with the Podfile.lock. Run 'pod install' or update your CocoaPods installation.\nEOM\n    exit 1\nfi\n";
			showEnvVarsInLog = 0;
		};
/* End PBXShellScriptBuildPhase section */

/* Begin PBXSourcesBuildPhase section */
		86AB92441D21BF4000D11F6D /* Sources */ = {
			isa = PBXSourcesBuildPhase;
			buildActionMask = 2147483647;
			files = (
				86261F811D247D8C0046BC4C /* ComposeViewController.swift in Sources */,
				86AB92631D21D70600D11F6D /* User.swift in Sources */,
				86261F831D2587400046BC4C /* ProfileViewController.swift in Sources */,
				86261F851D25B9110046BC4C /* UserViewController.swift in Sources */,
				86AB926B1D23143E00D11F6D /* TweetCell.swift in Sources */,
				86AB92651D21D71100D11F6D /* Tweet.swift in Sources */,
				86AB925E1D21C56900D11F6D /* LoginViewController.swift in Sources */,
				86AB92691D21EDAD00D11F6D /* TweetsViewController.swift in Sources */,
				86AB92671D21DD3200D11F6D /* TwitterClient.swift in Sources */,
				86AB924C1D21BF4000D11F6D /* AppDelegate.swift in Sources */,
				86261F7F1D2470C30046BC4C /* DetailViewController.swift in Sources */,
			);
			runOnlyForDeploymentPostprocessing = 0;
		};
/* End PBXSourcesBuildPhase section */

/* Begin PBXVariantGroup section */
		86AB924F1D21BF4000D11F6D /* Main.storyboard */ = {
			isa = PBXVariantGroup;
			children = (
				86AB92501D21BF4000D11F6D /* Base */,
			);
			name = Main.storyboard;
			sourceTree = "<group>";
		};
		86AB92541D21BF4000D11F6D /* LaunchScreen.storyboard */ = {
			isa = PBXVariantGroup;
			children = (
				86AB92551D21BF4000D11F6D /* Base */,
			);
			name = LaunchScreen.storyboard;
			sourceTree = "<group>";
		};
/* End PBXVariantGroup section */

/* Begin XCBuildConfiguration section */
		86AB92581D21BF4000D11F6D /* Debug */ = {
			isa = XCBuildConfiguration;
			buildSettings = {
				ALWAYS_SEARCH_USER_PATHS = NO;
				CLANG_ANALYZER_NONNULL = YES;
				CLANG_CXX_LANGUAGE_STANDARD = "gnu++0x";
				CLANG_CXX_LIBRARY = "libc++";
				CLANG_ENABLE_MODULES = YES;
				CLANG_ENABLE_OBJC_ARC = YES;
				CLANG_WARN_BOOL_CONVERSION = YES;
				CLANG_WARN_CONSTANT_CONVERSION = YES;
				CLANG_WARN_DIRECT_OBJC_ISA_USAGE = YES_ERROR;
				CLANG_WARN_EMPTY_BODY = YES;
				CLANG_WARN_ENUM_CONVERSION = YES;
				CLANG_WARN_INT_CONVERSION = YES;
				CLANG_WARN_OBJC_ROOT_CLASS = YES_ERROR;
				CLANG_WARN_UNREACHABLE_CODE = YES;
				CLANG_WARN__DUPLICATE_METHOD_MATCH = YES;
				"CODE_SIGN_IDENTITY[sdk=iphoneos*]" = "iPhone Developer";
				COPY_PHASE_STRIP = NO;
				DEBUG_INFORMATION_FORMAT = dwarf;
				ENABLE_STRICT_OBJC_MSGSEND = YES;
				ENABLE_TESTABILITY = YES;
				GCC_C_LANGUAGE_STANDARD = gnu99;
				GCC_DYNAMIC_NO_PIC = NO;
				GCC_NO_COMMON_BLOCKS = YES;
				GCC_OPTIMIZATION_LEVEL = 0;
				GCC_PREPROCESSOR_DEFINITIONS = (
					"DEBUG=1",
					"$(inherited)",
				);
				GCC_WARN_64_TO_32_BIT_CONVERSION = YES;
				GCC_WARN_ABOUT_RETURN_TYPE = YES_ERROR;
				GCC_WARN_UNDECLARED_SELECTOR = YES;
				GCC_WARN_UNINITIALIZED_AUTOS = YES_AGGRESSIVE;
				GCC_WARN_UNUSED_FUNCTION = YES;
				GCC_WARN_UNUSED_VARIABLE = YES;
				IPHONEOS_DEPLOYMENT_TARGET = 9.3;
				MTL_ENABLE_DEBUG_INFO = YES;
				ONLY_ACTIVE_ARCH = YES;
				SDKROOT = iphoneos;
				SWIFT_OPTIMIZATION_LEVEL = "-Onone";
			};
			name = Debug;
		};
		86AB92591D21BF4000D11F6D /* Release */ = {
			isa = XCBuildConfiguration;
			buildSettings = {
				ALWAYS_SEARCH_USER_PATHS = NO;
				CLANG_ANALYZER_NONNULL = YES;
				CLANG_CXX_LANGUAGE_STANDARD = "gnu++0x";
				CLANG_CXX_LIBRARY = "libc++";
				CLANG_ENABLE_MODULES = YES;
				CLANG_ENABLE_OBJC_ARC = YES;
				CLANG_WARN_BOOL_CONVERSION = YES;
				CLANG_WARN_CONSTANT_CONVERSION = YES;
				CLANG_WARN_DIRECT_OBJC_ISA_USAGE = YES_ERROR;
				CLANG_WARN_EMPTY_BODY = YES;
				CLANG_WARN_ENUM_CONVERSION = YES;
				CLANG_WARN_INT_CONVERSION = YES;
				CLANG_WARN_OBJC_ROOT_CLASS = YES_ERROR;
				CLANG_WARN_UNREACHABLE_CODE = YES;
				CLANG_WARN__DUPLICATE_METHOD_MATCH = YES;
				"CODE_SIGN_IDENTITY[sdk=iphoneos*]" = "iPhone Developer";
				COPY_PHASE_STRIP = NO;
				DEBUG_INFORMATION_FORMAT = "dwarf-with-dsym";
				ENABLE_NS_ASSERTIONS = NO;
				ENABLE_STRICT_OBJC_MSGSEND = YES;
				GCC_C_LANGUAGE_STANDARD = gnu99;
				GCC_NO_COMMON_BLOCKS = YES;
				GCC_WARN_64_TO_32_BIT_CONVERSION = YES;
				GCC_WARN_ABOUT_RETURN_TYPE = YES_ERROR;
				GCC_WARN_UNDECLARED_SELECTOR = YES;
				GCC_WARN_UNINITIALIZED_AUTOS = YES_AGGRESSIVE;
				GCC_WARN_UNUSED_FUNCTION = YES;
				GCC_WARN_UNUSED_VARIABLE = YES;
				IPHONEOS_DEPLOYMENT_TARGET = 9.3;
				MTL_ENABLE_DEBUG_INFO = NO;
				SDKROOT = iphoneos;
				VALIDATE_PRODUCT = YES;
			};
			name = Release;
		};
		86AB925B1D21BF4000D11F6D /* Debug */ = {
			isa = XCBuildConfiguration;
			baseConfigurationReference = 2C3D6AC77603381918B94742 /* Pods-Twient.debug.xcconfig */;
			buildSettings = {
				ASSETCATALOG_COMPILER_APPICON_NAME = AppIcon;
				INFOPLIST_FILE = Twient/Info.plist;
				LD_RUNPATH_SEARCH_PATHS = "$(inherited) @executable_path/Frameworks";
				PRODUCT_BUNDLE_IDENTIFIER = "Juan-Luis-Herrero-Estrada.Twient";
				PRODUCT_NAME = "$(TARGET_NAME)";
			};
			name = Debug;
		};
		86AB925C1D21BF4000D11F6D /* Release */ = {
			isa = XCBuildConfiguration;
			baseConfigurationReference = 31A683888BDE0BF2626ED6BB /* Pods-Twient.release.xcconfig */;
			buildSettings = {
				ASSETCATALOG_COMPILER_APPICON_NAME = AppIcon;
				INFOPLIST_FILE = Twient/Info.plist;
				LD_RUNPATH_SEARCH_PATHS = "$(inherited) @executable_path/Frameworks";
				PRODUCT_BUNDLE_IDENTIFIER = "Juan-Luis-Herrero-Estrada.Twient";
				PRODUCT_NAME = "$(TARGET_NAME)";
			};
			name = Release;
		};
/* End XCBuildConfiguration section */

/* Begin XCConfigurationList section */
		86AB92431D21BF4000D11F6D /* Build configuration list for PBXProject "Twient" */ = {
			isa = XCConfigurationList;
			buildConfigurations = (
				86AB92581D21BF4000D11F6D /* Debug */,
				86AB92591D21BF4000D11F6D /* Release */,
			);
			defaultConfigurationIsVisible = 0;
			defaultConfigurationName = Release;
		};
		86AB925A1D21BF4000D11F6D /* Build configuration list for PBXNativeTarget "Twient" */ = {
			isa = XCConfigurationList;
			buildConfigurations = (
				86AB925B1D21BF4000D11F6D /* Debug */,
				86AB925C1D21BF4000D11F6D /* Release */,
			);
			defaultConfigurationIsVisible = 0;
			defaultConfigurationName = Release;
		};
/* End XCConfigurationList section */
	};
	rootObject = 86AB92401D21BF4000D11F6D /* Project object */;
}
